
Microsoft Visual Studio Solution File, Format Version 12.00
# Visual Studio Version 18
VisualStudioVersion = 18.1.11312.151 d18.0
MinimumVisualStudioVersion = 10.0.40219.1
Project("{FAE04EC0-301F-11D3-BF4B-00C04F79EFBC}") = "asciigen", "asciigen.csproj", "{09ED06CF-8EDE-0B17-9717-C46AF931D15C}"
EndProject
Global
	GlobalSection(SolutionConfigurationPlatforms) = preSolution
		Debug|Any CPU = Debug|Any CPU
		Release|Any CPU = Release|Any CPU
	EndGlobalSection
	GlobalSection(ProjectConfigurationPlatforms) = postSolution
		{09ED06CF-8EDE-0B17-9717-C46AF931D15C}.Debug|Any CPU.ActiveCfg = Debug|Any CPU
		{09ED06CF-8EDE-0B17-9717-C46AF931D15C}.Debug|Any CPU.Build.0 = Debug|Any CPU
		{09ED06CF-8EDE-0B17-9717-C46AF931D15C}.Release|Any CPU.ActiveCfg = Release|Any CPU
		{09ED06CF-8EDE-0B17-9717-C46AF931D15C}.Release|Any CPU.Build.0 = Release|Any CPU
	EndGlobalSection
	GlobalSection(SolutionProperties) = preSolution
		HideSolutionNode = FALSE
	EndGlobalSection
	GlobalSection(ExtensibilityGlobals) = postSolution
		SolutionGuid = {28BC7B81-5CBF-4394-A763-E7379497AE93}
	EndGlobalSection
EndGlobal
